
Microsoft Visual Studio Solution File, Format Version 12.00
# Visual Studio 15
VisualStudioVersion = 15.0.28307.168
MinimumVisualStudioVersion = 10.0.40219.1
Project("{FAE04EC0-301F-11D3-BF4B-00C04F79EFBC}") = "DemoSnippets", "DemoSnippets\DemoSnippets.csproj", "{12E84876-766B-4E73-A499-018DEC0E9E8F}"
EndProject
Project("{2150E333-8FDC-42A3-9474-1A3956D46DE8}") = "Solution Items", "Solution Items", "{6784C7E4-6011-46AF-98EE-3B49701AD391}"
	ProjectSection(SolutionItems) = preProject
		appveyor.yml = appveyor.yml
		CHANGELOG.md = CHANGELOG.md
		README.md = README.md
	EndProjectSection
EndProject
Project("{FAE04EC0-301F-11D3-BF4B-00C04F79EFBC}") = "DemoSnippets.Tests", "DemoSnippets.Tests\DemoSnippets.Tests.csproj", "{E3BD83D6-A271-42C6-BD82-E528179B6D2B}"
EndProject
Global
	GlobalSection(SolutionConfigurationPlatforms) = preSolution
		Debug|Any CPU = Debug|Any CPU
		Release|Any CPU = Release|Any CPU
	EndGlobalSection
	GlobalSection(ProjectConfigurationPlatforms) = postSolution
		{12E84876-766B-4E73-A499-018DEC0E9E8F}.Debug|Any CPU.ActiveCfg = Debug|Any CPU
		{12E84876-766B-4E73-A499-018DEC0E9E8F}.Debug|Any CPU.Build.0 = Debug|Any CPU
		{12E84876-766B-4E73-A499-018DEC0E9E8F}.Release|Any CPU.ActiveCfg = Release|Any CPU
		{12E84876-766B-4E73-A499-018DEC0E9E8F}.Release|Any CPU.Build.0 = Release|Any CPU
		{E3BD83D6-A271-42C6-BD82-E528179B6D2B}.Debug|Any CPU.ActiveCfg = Debug|Any CPU
		{E3BD83D6-A271-42C6-BD82-E528179B6D2B}.Debug|Any CPU.Build.0 = Debug|Any CPU
		{E3BD83D6-A271-42C6-BD82-E528179B6D2B}.Release|Any CPU.ActiveCfg = Release|Any CPU
		{E3BD83D6-A271-42C6-BD82-E528179B6D2B}.Release|Any CPU.Build.0 = Release|Any CPU
	EndGlobalSection
	GlobalSection(SolutionProperties) = preSolution
		HideSolutionNode = FALSE
	EndGlobalSection
	GlobalSection(ExtensibilityGlobals) = postSolution
		SolutionGuid = {196E55ED-E349-490D-A8DF-4A22982707D0}
	EndGlobalSection
EndGlobal
